
Microsoft Visual Studio Solution File, Format Version 12.00
# Visual Studio Version 17
VisualStudioVersion = 17.0.31903.59
MinimumVisualStudioVersion = 10.0.40219.1
Project("{2150E333-8FDC-42A3-9474-1A3956D46DE8}") = "src", "src", "{827E0CD3-B72D-47B6-A68D-7590B98EB39B}"
EndProject
Project("{FAE04EC0-301F-11D3-BF4B-00C04F79EFBC}") = "VectorViewer.Domain", "src\VectorViewer.Domain\VectorViewer.Domain.csproj", "{EF9F716E-E0A8-4A3A-A002-D411CC6D5357}"
EndProject
Project("{FAE04EC0-301F-11D3-BF4B-00C04F79EFBC}") = "VectorViewer.Application", "src\VectorViewer.Application\VectorViewer.Application.csproj", "{331B3035-CD24-4C32-8651-EE012EAA9B73}"
EndProject
Project("{FAE04EC0-301F-11D3-BF4B-00C04F79EFBC}") = "VectorViewer.Infrastructure", "src\VectorViewer.Infrastructure\VectorViewer.Infrastructure.csproj", "{0B3079A8-232F-4B7D-8C48-46667094E189}"
EndProject
Project("{FAE04EC0-301F-11D3-BF4B-00C04F79EFBC}") = "VectorViewer.Wpf", "src\VectorViewer.Wpf\VectorViewer.Wpf.csproj", "{1A8A5A3C-AE53-46E2-A9C1-9446E398BC3A}"
EndProject
Project("{FAE04EC0-301F-11D3-BF4B-00C04F79EFBC}") = "VectorViewer.Domain.Tests", "tests\VectorViewer.Domain.Tests\VectorViewer.Domain.Tests.csproj", "{C5FDB112-2007-48CB-8A15-C8B45B424238}"
EndProject
Project("{FAE04EC0-301F-11D3-BF4B-00C04F79EFBC}") = "VectorViewer.Application.Tests", "tests\VectorViewer.Application.Tests\VectorViewer.Application.Tests.csproj", "{9E9E8FD5-67E7-496C-94DF-9EB22D838FB2}"
EndProject
Project("{FAE04EC0-301F-11D3-BF4B-00C04F79EFBC}") = "VectorViewer.Infrastructure.Tests", "tests\VectorViewer.Infrastructure.Tests\VectorViewer.Infrastructure.Tests.csproj", "{5EFEED0B-69D1-4D9B-AB4D-14FD6CCA0126}"
EndProject
Project("{FAE04EC0-301F-11D3-BF4B-00C04F79EFBC}") = "VectorViewer.IntegrationTests", "tests\VectorViewer.IntegrationTests\VectorViewer.IntegrationTests.csproj", "{A9F7730F-66CE-4FBE-8A79-D5725E7C56FE}"
EndProject
Global
	GlobalSection(SolutionConfigurationPlatforms) = preSolution
		Debug|Any CPU = Debug|Any CPU
		Debug|x64 = Debug|x64
		Debug|x86 = Debug|x86
		Release|Any CPU = Release|Any CPU
		Release|x64 = Release|x64
		Release|x86 = Release|x86
	EndGlobalSection
	GlobalSection(ProjectConfigurationPlatforms) = postSolution
		{EF9F716E-E0A8-4A3A-A002-D411CC6D5357}.Debug|Any CPU.ActiveCfg = Debug|Any CPU
		{EF9F716E-E0A8-4A3A-A002-D411CC6D5357}.Debug|Any CPU.Build.0 = Debug|Any CPU
		{EF9F716E-E0A8-4A3A-A002-D411CC6D5357}.Debug|x64.ActiveCfg = Debug|Any CPU
		{EF9F716E-E0A8-4A3A-A002-D411CC6D5357}.Debug|x64.Build.0 = Debug|Any CPU
		{EF9F716E-E0A8-4A3A-A002-D411CC6D5357}.Debug|x86.ActiveCfg = Debug|Any CPU
		{EF9F716E-E0A8-4A3A-A002-D411CC6D5357}.Debug|x86.Build.0 = Debug|Any CPU
		{EF9F716E-E0A8-4A3A-A002-D411CC6D5357}.Release|Any CPU.ActiveCfg = Release|Any CPU
		{EF9F716E-E0A8-4A3A-A002-D411CC6D5357}.Release|Any CPU.Build.0 = Release|Any CPU
		{EF9F716E-E0A8-4A3A-A002-D411CC6D5357}.Release|x64.ActiveCfg = Release|Any CPU
		{EF9F716E-E0A8-4A3A-A002-D411CC6D5357}.Release|x64.Build.0 = Release|Any CPU
		{EF9F716E-E0A8-4A3A-A002-D411CC6D5357}.Release|x86.ActiveCfg = Release|Any CPU
		{EF9F716E-E0A8-4A3A-A002-D411CC6D5357}.Release|x86.Build.0 = Release|Any CPU
		{331B3035-CD24-4C32-8651-EE012EAA9B73}.Debug|Any CPU.ActiveCfg = Debug|Any CPU
		{331B3035-CD24-4C32-8651-EE012EAA9B73}.Debug|Any CPU.Build.0 = Debug|Any CPU
		{331B3035-CD24-4C32-8651-EE012EAA9B73}.Debug|x64.ActiveCfg = Debug|Any CPU
		{331B3035-CD24-4C32-8651-EE012EAA9B73}.Debug|x64.Build.0 = Debug|Any CPU
		{331B3035-CD24-4C32-8651-EE012EAA9B73}.Debug|x86.ActiveCfg = Debug|Any CPU
		{331B3035-CD24-4C32-8651-EE012EAA9B73}.Debug|x86.Build.0 = Debug|Any CPU
		{331B3035-CD24-4C32-8651-EE012EAA9B73}.Release|Any CPU.ActiveCfg = Release|Any CPU
		{331B3035-CD24-4C32-8651-EE012EAA9B73}.Release|Any CPU.Build.0 = Release|Any CPU
		{331B3035-CD24-4C32-8651-EE012EAA9B73}.Release|x64.ActiveCfg = Release|Any CPU
		{331B3035-CD24-4C32-8651-EE012EAA9B73}.Release|x64.Build.0 = Release|Any CPU
		{331B3035-CD24-4C32-8651-EE012EAA9B73}.Release|x86.ActiveCfg = Release|Any CPU
		{331B3035-CD24-4C32-8651-EE012EAA9B73}.Release|x86.Build.0 = Release|Any CPU
		{0B3079A8-232F-4B7D-8C48-46667094E189}.Debug|Any CPU.ActiveCfg = Debug|Any CPU
		{0B3079A8-232F-4B7D-8C48-46667094E189}.Debug|Any CPU.Build.0 = Debug|Any CPU
		{0B3079A8-232F-4B7D-8C48-46667094E189}.Debug|x64.ActiveCfg = Debug|Any CPU
		{0B3079A8-232F-4B7D-8C48-46667094E189}.Debug|x64.Build.0 = Debug|Any CPU
		{0B3079A8-232F-4B7D-8C48-46667094E189}.Debug|x86.ActiveCfg = Debug|Any CPU
		{0B3079A8-232F-4B7D-8C48-46667094E189}.Debug|x86.Build.0 = Debug|Any CPU
		{0B3079A8-232F-4B7D-8C48-46667094E189}.Release|Any CPU.ActiveCfg = Release|Any CPU
		{0B3079A8-232F-4B7D-8C48-46667094E189}.Release|Any CPU.Build.0 = Release|Any CPU
		{0B3079A8-232F-4B7D-8C48-46667094E189}.Release|x64.ActiveCfg = Release|Any CPU
		{0B3079A8-232F-4B7D-8C48-46667094E189}.Release|x64.Build.0 = Release|Any CPU
		{0B3079A8-232F-4B7D-8C48-46667094E189}.Release|x86.ActiveCfg = Release|Any CPU
		{0B3079A8-232F-4B7D-8C48-46667094E189}.Release|x86.Build.0 = Release|Any CPU
		{1A8A5A3C-AE53-46E2-A9C1-9446E398BC3A}.Debug|Any CPU.ActiveCfg = Debug|Any CPU
		{1A8A5A3C-AE53-46E2-A9C1-9446E398BC3A}.Debug|Any CPU.Build.0 = Debug|Any CPU
		{1A8A5A3C-AE53-46E2-A9C1-9446E398BC3A}.Debug|x64.ActiveCfg = Debug|Any CPU
		{1A8A5A3C-AE53-46E2-A9C1-9446E398BC3A}.Debug|x64.Build.0 = Debug|Any CPU
		{1A8A5A3C-AE53-46E2-A9C1-9446E398BC3A}.Debug|x86.ActiveCfg = Debug|Any CPU
		{1A8A5A3C-AE53-46E2-A9C1-9446E398BC3A}.Debug|x86.Build.0 = Debug|Any CPU
		{1A8A5A3C-AE53-46E2-A9C1-9446E398BC3A}.Release|Any CPU.ActiveCfg = Release|Any CPU
		{1A8A5A3C-AE53-46E2-A9C1-9446E398BC3A}.Release|Any CPU.Build.0 = Release|Any CPU
		{1A8A5A3C-AE53-46E2-A9C1-9446E398BC3A}.Release|x64.ActiveCfg = Release|Any CPU
		{1A8A5A3C-AE53-46E2-A9C1-9446E398BC3A}.Release|x64.Build.0 = Release|Any CPU
		{1A8A5A3C-AE53-46E2-A9C1-9446E398BC3A}.Release|x86.ActiveCfg = Release|Any CPU
		{1A8A5A3C-AE53-46E2-A9C1-9446E398BC3A}.Release|x86.Build.0 = Release|Any CPU
		{C5FDB112-2007-48CB-8A15-C8B45B424238}.Debug|Any CPU.ActiveCfg = Debug|Any CPU
		{C5FDB112-2007-48CB-8A15-C8B45B424238}.Debug|Any CPU.Build.0 = Debug|Any CPU
		{C5FDB112-2007-48CB-8A15-C8B45B424238}.Debug|x64.ActiveCfg = Debug|Any CPU
		{C5FDB112-2007-48CB-8A15-C8B45B424238}.Debug|x64.Build.0 = Debug|Any CPU
		{C5FDB112-2007-48CB-8A15-C8B45B424238}.Debug|x86.ActiveCfg = Debug|Any CPU
		{C5FDB112-2007-48CB-8A15-C8B45B424238}.Debug|x86.Build.0 = Debug|Any CPU
		{C5FDB112-2007-48CB-8A15-C8B45B424238}.Release|Any CPU.ActiveCfg = Release|Any CPU
		{C5FDB112-2007-48CB-8A15-C8B45B424238}.Release|Any CPU.Build.0 = Release|Any CPU
		{C5FDB112-2007-48CB-8A15-C8B45B424238}.Release|x64.ActiveCfg = Release|Any CPU
		{C5FDB112-2007-48CB-8A15-C8B45B424238}.Release|x64.Build.0 = Release|Any CPU
		{C5FDB112-2007-48CB-8A15-C8B45B424238}.Release|x86.ActiveCfg = Release|Any CPU
		{C5FDB112-2007-48CB-8A15-C8B45B424238}.Release|x86.Build.0 = Release|Any CPU
		{9E9E8FD5-67E7-496C-94DF-9EB22D838FB2}.Debug|Any CPU.ActiveCfg = Debug|Any CPU
		{9E9E8FD5-67E7-496C-94DF-9EB22D838FB2}.Debug|Any CPU.Build.0 = Debug|Any CPU
		{9E9E8FD5-67E7-496C-94DF-9EB22D838FB2}.Debug|x64.ActiveCfg = Debug|Any CPU
		{9E9E8FD5-67E7-496C-94DF-9EB22D838FB2}.Debug|x64.Build.0 = Debug|Any CPU
		{9E9E8FD5-67E7-496C-94DF-9EB22D838FB2}.Debug|x86.ActiveCfg = Debug|Any CPU
		{9E9E8FD5-67E7-496C-94DF-9EB22D838FB2}.Debug|x86.Build.0 = Debug|Any CPU
		{9E9E8FD5-67E7-496C-94DF-9EB22D838FB2}.Release|Any CPU.ActiveCfg = Release|Any CPU
		{9E9E8FD5-67E7-496C-94DF-9EB22D838FB2}.Release|Any CPU.Build.0 = Release|Any CPU
		{9E9E8FD5-67E7-496C-94DF-9EB22D838FB2}.Release|x64.ActiveCfg = Release|Any CPU
		{9E9E8FD5-67E7-496C-94DF-9EB22D838FB2}.Release|x64.Build.0 = Release|Any CPU
		{9E9E8FD5-67E7-496C-94DF-9EB22D838FB2}.Release|x86.ActiveCfg = Release|Any CPU
		{9E9E8FD5-67E7-496C-94DF-9EB22D838FB2}.Release|x86.Build.0 = Release|Any CPU
		{5EFEED0B-69D1-4D9B-AB4D-14FD6CCA0126}.Debug|Any CPU.ActiveCfg = Debug|Any CPU
		{5EFEED0B-69D1-4D9B-AB4D-14FD6CCA0126}.Debug|Any CPU.Build.0 = Debug|Any CPU
		{5EFEED0B-69D1-4D9B-AB4D-14FD6CCA0126}.Debug|x64.ActiveCfg = Debug|Any CPU
		{5EFEED0B-69D1-4D9B-AB4D-14FD6CCA0126}.Debug|x64.Build.0 = Debug|Any CPU
		{5EFEED0B-69D1-4D9B-AB4D-14FD6CCA0126}.Debug|x86.ActiveCfg = Debug|Any CPU
		{5EFEED0B-69D1-4D9B-AB4D-14FD6CCA0126}.Debug|x86.Build.0 = Debug|Any CPU
		{5EFEED0B-69D1-4D9B-AB4D-14FD6CCA0126}.Release|Any CPU.ActiveCfg = Release|Any CPU
		{5EFEED0B-69D1-4D9B-AB4D-14FD6CCA0126}.Release|Any CPU.Build.0 = Release|Any CPU
		{5EFEED0B-69D1-4D9B-AB4D-14FD6CCA0126}.Release|x64.ActiveCfg = Release|Any CPU
		{5EFEED0B-69D1-4D9B-AB4D-14FD6CCA0126}.Release|x64.Build.0 = Release|Any CPU
		{5EFEED0B-69D1-4D9B-AB4D-14FD6CCA0126}.Release|x86.ActiveCfg = Release|Any CPU
		{5EFEED0B-69D1-4D9B-AB4D-14FD6CCA0126}.Release|x86.Build.0 = Release|Any CPU
		{A9F7730F-66CE-4FBE-8A79-D5725E7C56FE}.Debug|Any CPU.ActiveCfg = Debug|Any CPU
		{A9F7730F-66CE-4FBE-8A79-D5725E7C56FE}.Debug|Any CPU.Build.0 = Debug|Any CPU
		{A9F7730F-66CE-4FBE-8A79-D5725E7C56FE}.Debug|x64.ActiveCfg = Debug|Any CPU
		{A9F7730F-66CE-4FBE-8A79-D5725E7C56FE}.Debug|x64.Build.0 = Debug|Any CPU
		{A9F7730F-66CE-4FBE-8A79-D5725E7C56FE}.Debug|x86.ActiveCfg = Debug|Any CPU
		{A9F7730F-66CE-4FBE-8A79-D5725E7C56FE}.Debug|x86.Build.0 = Debug|Any CPU
		{A9F7730F-66CE-4FBE-8A79-D5725E7C56FE}.Release|Any CPU.ActiveCfg = Release|Any CPU
		{A9F7730F-66CE-4FBE-8A79-D5725E7C56FE}.Release|Any CPU.Build.0 = Release|Any CPU
		{A9F7730F-66CE-4FBE-8A79-D5725E7C56FE}.Release|x64.ActiveCfg = Release|Any CPU
		{A9F7730F-66CE-4FBE-8A79-D5725E7C56FE}.Release|x64.Build.0 = Release|Any CPU
		{A9F7730F-66CE-4FBE-8A79-D5725E7C56FE}.Release|x86.ActiveCfg = Release|Any CPU
		{A9F7730F-66CE-4FBE-8A79-D5725E7C56FE}.Release|x86.Build.0 = Release|Any CPU
	EndGlobalSection
	GlobalSection(SolutionProperties) = preSolution
		HideSolutionNode = FALSE
	EndGlobalSection
	GlobalSection(NestedProjects) = preSolution
		{EF9F716E-E0A8-4A3A-A002-D411CC6D5357} = {827E0CD3-B72D-47B6-A68D-7590B98EB39B}
		{331B3035-CD24-4C32-8651-EE012EAA9B73} = {827E0CD3-B72D-47B6-A68D-7590B98EB39B}
		{0B3079A8-232F-4B7D-8C48-46667094E189} = {827E0CD3-B72D-47B6-A68D-7590B98EB39B}
		{1A8A5A3C-AE53-46E2-A9C1-9446E398BC3A} = {827E0CD3-B72D-47B6-A68D-7590B98EB39B}
		{C5FDB112-2007-48CB-8A15-C8B45B424238} = {827E0CD3-B72D-47B6-A68D-7590B98EB39B}
		{9E9E8FD5-67E7-496C-94DF-9EB22D838FB2} = {827E0CD3-B72D-47B6-A68D-7590B98EB39B}
		{5EFEED0B-69D1-4D9B-AB4D-14FD6CCA0126} = {827E0CD3-B72D-47B6-A68D-7590B98EB39B}
		{A9F7730F-66CE-4FBE-8A79-D5725E7C56FE} = {827E0CD3-B72D-47B6-A68D-7590B98EB39B}
	EndGlobalSection
EndGlobal
